# THIS IS AN AUTOGENERATED FILE. DO NOT EDIT THIS FILE DIRECTLY.
# yarn lockfile v1


"@anthropic-ai/sdk@^0.4.3":
  version "0.4.4"
  resolved "https://registry.yarnpkg.com/@anthropic-ai/sdk/-/sdk-0.4.4.tgz#7da97a30f8a69a44e2e18ec1f8a0dea8a656f0b9"
  integrity sha512-Z/39nQi1sSUCeLII3lsAbL1u+0JF6cR2XmUEX9sLH0VtxmIjY6cjOUYjCkYh4oapTxOkhAFnVSAFJ6cxml2qXg==
  dependencies:
    "@fortaine/fetch-event-source" "^3.0.6"
    cross-fetch "^3.1.5"

"@fast-csv/format@4.3.5":
  version "4.3.5"
  resolved "https://registry.yarnpkg.com/@fast-csv/format/-/format-4.3.5.tgz#90d83d1b47b6aaf67be70d6118f84f3e12ee1ff3"
  integrity sha512-8iRn6QF3I8Ak78lNAa+Gdl5MJJBM5vRHivFtMRUWINdevNo00K7OXxS2PshawLKTejVwieIlPmK5YlLu6w4u8A==
  dependencies:
    "@types/node" "^14.0.1"
    lodash.escaperegexp "^4.1.2"
    lodash.isboolean "^3.0.3"
    lodash.isequal "^4.5.0"
    lodash.isfunction "^3.0.9"
    lodash.isnil "^4.0.0"

"@fast-csv/parse@4.3.6":
  version "4.3.6"
  resolved "https://registry.yarnpkg.com/@fast-csv/parse/-/parse-4.3.6.tgz#ee47d0640ca0291034c7aa94039a744cfb019264"
  integrity sha512-uRsLYksqpbDmWaSmzvJcuApSEe38+6NQZBUsuAyMZKqHxH0g1wcJgsKUvN3WC8tewaqFjBMMGrkHmC+T7k8LvA==
  dependencies:
    "@types/node" "^14.0.1"
    lodash.escaperegexp "^4.1.2"
    lodash.groupby "^4.6.0"
    lodash.isfunction "^3.0.9"
    lodash.isnil "^4.0.0"
    lodash.isundefined "^3.0.1"
    lodash.uniq "^4.5.0"

"@fortaine/fetch-event-source@^3.0.6":
  version "3.0.6"
  resolved "https://registry.yarnpkg.com/@fortaine/fetch-event-source/-/fetch-event-source-3.0.6.tgz#b8552a2ca2c5202f5699b93a92be0188d422b06e"
  integrity sha512-621GAuLMvKtyZQ3IA6nlDWhV1V/7PGOTNIGLUifxt0KzM+dZIweJ6F3XvQF3QnqeNfS1N7WQ0Kil1Di/lhChEw==

"@streamparser/json@^0.0.6":
  version "0.0.6"
  resolved "https://registry.yarnpkg.com/@streamparser/json/-/json-0.0.6.tgz#6d5853197f52d765d99a23767c951c03676a0e27"
  integrity sha512-vL9EVn/v+OhZ+Wcs6O4iKE9EUpwHUqHmCtNUMWjqp+6dr85+XPOSGTEsqYNq1Vn04uk9SWlOVmx9J48ggJVT2Q==

"@types/node@^14.0.1":
  version "14.18.53"
  resolved "https://registry.yarnpkg.com/@types/node/-/node-14.18.53.tgz#42855629b8773535ab868238718745bf56c56219"
  integrity sha512-soGmOpVBUq+gaBMwom1M+krC/NNbWlosh4AtGA03SyWNDiqSKtwp7OulO1M6+mg8YkHMvJ/y0AkCeO8d1hNb7A==

"@types/retry@0.12.0":
  version "0.12.0"
  resolved "https://registry.yarnpkg.com/@types/retry/-/retry-0.12.0.tgz#2b35eccfcee7d38cd72ad99232fbd58bffb3c84d"
  integrity sha512-wWKOClTTiizcZhXnPY4wikVAwmdYHp8q6DmC+EJUzAMsycb7HB32Kh9RN4+0gExjmPmZSAQjgURXIGATPegAvA==

"@types/uuid@^9.0.1":
  version "9.0.2"
  resolved "https://registry.yarnpkg.com/@types/uuid/-/uuid-9.0.2.tgz#ede1d1b1e451548d44919dc226253e32a6952c4b"
  integrity sha512-kNnC1GFBLuhImSnV7w4njQkUiJi0ZXUycu1rUaouPqiKlXkh77JKgdRnTAp1x5eBwcIwbtI+3otwzuIDEuDoxQ==

ansi-styles@^5.0.0:
  version "5.2.0"
  resolved "https://registry.yarnpkg.com/ansi-styles/-/ansi-styles-5.2.0.tgz#07449690ad45777d1924ac2abb2fc8895dba836b"
  integrity sha512-Cxwpt2SfTzTtXcfOlzGEee8O+c+MmUgGrNiBcXnuWxuFJHe6a5Hz7qwhwe5OgaSYI0IJvkLqWX1ASG+cJOkEiA==

argparse@^2.0.1:
  version "2.0.1"
  resolved "https://registry.yarnpkg.com/argparse/-/argparse-2.0.1.tgz#246f50f3ca78a3240f6c997e8a9bd1eac49e4b38"
  integrity sha512-8+9WqebbFzpX9OR+Wa6O29asIogeRMzcGtAINdpMHHyAg10f05aSFVBbcEqGf/PXw1EjAZ+q2/bEBg3DvurK3Q==

asynckit@^0.4.0:
  version "0.4.0"
  resolved "https://registry.yarnpkg.com/asynckit/-/asynckit-0.4.0.tgz#c79ed97f7f34cb8f2ba1bc9790bcc366474b4b79"
  integrity sha512-Oei9OH4tRh0YqU3GxhX79dM/mwVgvbZJaSNaRk+bshkj0S5cfHcgYakreBjrHwatXKbz+IoIdYLxrKim2MjW0Q==

axios@^0.26.0:
  version "0.26.1"
  resolved "https://registry.yarnpkg.com/axios/-/axios-0.26.1.tgz#1ede41c51fcf51bbbd6fd43669caaa4f0495aaa9"
  integrity sha512-fPwcX4EvnSHuInCMItEhAGnaSEXRBjtzh9fOtsE6E1G6p7vl7edEeZe11QHf18+6+9gR5PbKV/sGKNaD8YaMeA==
  dependencies:
    follow-redirects "^1.14.8"

base64-js@^1.5.1:
  version "1.5.1"
  resolved "https://registry.yarnpkg.com/base64-js/-/base64-js-1.5.1.tgz#1b1b440160a5bf7ad40b650f095963481903930a"
  integrity sha512-AKpaYlHn8t4SVbOHCy+b5+KKgvR4vrsD8vbvrbiQJps7fKDTkjkDry6ji0rUJjC0kzbNePLwzxq8iypo41qeWA==

binary-extensions@^2.2.0:
  version "2.2.0"
  resolved "https://registry.yarnpkg.com/binary-extensions/-/binary-extensions-2.2.0.tgz#75f502eeaf9ffde42fc98829645be4ea76bd9e2d"
  integrity sha512-jDctJ/IVQbZoJykoeHbhXpOlNBqGNcwXJKJog42E5HDPUwQTSdjCHdihjj0DlnheQ7blbT6dHOafNAiS8ooQKA==

binary-search@^1.3.5:
  version "1.3.6"
  resolved "https://registry.yarnpkg.com/binary-search/-/binary-search-1.3.6.tgz#e32426016a0c5092f0f3598836a1c7da3560565c"
  integrity sha512-nbE1WxOTTrUWIfsfZ4aHGYu5DOuNkbxGokjV6Z2kxfJK3uaAb8zNK1muzOeipoLHZjInT4Br88BHpzevc681xA==

boolbase@^1.0.0:
  version "1.0.0"
  resolved "https://registry.yarnpkg.com/boolbase/-/boolbase-1.0.0.tgz#68dff5fbe60c51eb37725ea9e3ed310dcc1e776e"
  integrity sha512-JZOSA7Mo9sNGB8+UjSgzdLtokWAky1zbztM3WRLCbZ70/3cTANmQmOdR7y2g+J0e2WXywy1yS468tY+IruqEww==

camelcase@6:
  version "6.3.0"
  resolved "https://registry.yarnpkg.com/camelcase/-/camelcase-6.3.0.tgz#5685b95eb209ac9c0c177467778c9c84df58ba9a"
  integrity sha512-Gmy6FhYlCY7uOElZUSbxo2UCDH8owEk996gkbrpsgGtrJLM3J7jGxl9Ic7Qwwj4ivOE5AWZWRMecDdF7hqGjFA==

cheerio-select@^2.1.0:
  version "2.1.0"
  resolved "https://registry.yarnpkg.com/cheerio-select/-/cheerio-select-2.1.0.tgz#4d8673286b8126ca2a8e42740d5e3c4884ae21b4"
  integrity sha512-9v9kG0LvzrlcungtnJtpGNxY+fzECQKhK4EGJX2vByejiMX84MFNQw4UxPJl3bFbTMw+Dfs37XaIkCwTZfLh4g==
  dependencies:
    boolbase "^1.0.0"
    css-select "^5.1.0"
    css-what "^6.1.0"
    domelementtype "^2.3.0"
    domhandler "^5.0.3"
    domutils "^3.0.1"

cheerio@^1.0.0-rc.12:
  version "1.0.0-rc.12"
  resolved "https://registry.yarnpkg.com/cheerio/-/cheerio-1.0.0-rc.12.tgz#788bf7466506b1c6bf5fae51d24a2c4d62e47683"
  integrity sha512-VqR8m68vM46BNnuZ5NtnGBKIE/DfN0cRIzg9n40EIq9NOv90ayxLBXA8fXC5gquFRGJSTRqBq25Jt2ECLR431Q==
  dependencies:
    cheerio-select "^2.1.0"
    dom-serializer "^2.0.0"
    domhandler "^5.0.3"
    domutils "^3.0.1"
    htmlparser2 "^8.0.1"
    parse5 "^7.0.0"
    parse5-htmlparser2-tree-adapter "^7.0.0"

combined-stream@^1.0.8:
  version "1.0.8"
  resolved "https://registry.yarnpkg.com/combined-stream/-/combined-stream-1.0.8.tgz#c3d45a8b34fd730631a110a8a2520682b31d5a7f"
  integrity sha512-FQN4MRfuJeHf7cBbBMJFXhKSDq+2kAArBlmRBvcvFE5BB1HZKXtSFASDhdlz9zOYwxh8lDdnvmMOe/+5cdoEdg==
  dependencies:
    delayed-stream "~1.0.0"

commander@^10.0.1:
  version "10.0.1"
  resolved "https://registry.yarnpkg.com/commander/-/commander-10.0.1.tgz#881ee46b4f77d1c1dccc5823433aa39b022cbe06"
  integrity sha512-y4Mg2tXshplEbSGzx7amzPwKKOCGuoSRP/CjEdwwk0FOGlUbq6lKuoyDZTNZkmxHdJtp54hdfY/JUrdL7Xfdug==

commander@^6.2.0:
  version "6.2.1"
  resolved "https://registry.yarnpkg.com/commander/-/commander-6.2.1.tgz#0792eb682dfbc325999bb2b84fddddba110ac73c"
  integrity sha512-U7VdrJFnJgo4xjrHpTzu0yrHPGImdsmD95ZlgYSEajAn2JKzDhDTPG9kBTefmObL2w/ngeZnilk+OV9CG3d7UA==

cross-fetch@^3.1.5:
  version "3.1.8"
  resolved "https://registry.yarnpkg.com/cross-fetch/-/cross-fetch-3.1.8.tgz#0327eba65fd68a7d119f8fb2bf9334a1a7956f82"
  integrity sha512-cvA+JwZoU0Xq+h6WkMvAUqPEYy92Obet6UdKLfW60qn99ftItKjB5T+BkyWOFWe2pUyfQ+IJHmpOTznqk1M6Kg==
  dependencies:
    node-fetch "^2.6.12"

css-select@^5.1.0:
  version "5.1.0"
  resolved "https://registry.yarnpkg.com/css-select/-/css-select-5.1.0.tgz#b8ebd6554c3637ccc76688804ad3f6a6fdaea8a6"
  integrity sha512-nwoRF1rvRRnnCqqY7updORDsuqKzqYJ28+oSMaJMMgOauh3fvwHqMS7EZpIPqK8GL+g9mKxF1vP/ZjSeNjEVHg==
  dependencies:
    boolbase "^1.0.0"
    css-what "^6.1.0"
    domhandler "^5.0.2"
    domutils "^3.0.1"
    nth-check "^2.0.1"

css-what@^6.1.0:
  version "6.1.0"
  resolved "https://registry.yarnpkg.com/css-what/-/css-what-6.1.0.tgz#fb5effcf76f1ddea2c81bdfaa4de44e79bac70f4"
  integrity sha512-HTUrgRJ7r4dsZKU6GjmpfRK1O76h97Z8MfS1G0FozR+oF2kG6Vfe8JE6zwrkbxigziPHinCJ+gCPjA9EaBDtRw==

csv-parse@^5.4.0:
  version "5.4.0"
  resolved "https://registry.yarnpkg.com/csv-parse/-/csv-parse-5.4.0.tgz#6793210a4a49a9a74b3fde3f9d00f3f52044fd89"
  integrity sha512-JiQosUWiOFgp4hQn0an+SBoV9IKdqzhROM0iiN4LB7UpfJBlsSJlWl9nq4zGgxgMAzHJ6V4t29VAVD+3+2NJAg==

decamelize@^1.2.0:
  version "1.2.0"
  resolved "https://registry.yarnpkg.com/decamelize/-/decamelize-1.2.0.tgz#f6534d15148269b20352e7bee26f501f9a191290"
  integrity sha512-z2S+W9X73hAUUki+N+9Za2lBlun89zigOyGrsax+KUQ6wKW4ZoWpEYBkGhQjwAjjDCkWxhY0VKEhk8wzY7F5cA==

delayed-stream@~1.0.0:
  version "1.0.0"
  resolved "https://registry.yarnpkg.com/delayed-stream/-/delayed-stream-1.0.0.tgz#df3ae199acadfb7d440aaae0b29e2272b24ec619"
  integrity sha512-ZySD7Nf91aLB0RxL4KGrKHBXl7Eds1DAmEdcoVawXnLD7SDhpNgtuII2aAkg7a7QS41jxPSZ17p4VdGnMHk3MQ==

dom-serializer@^2.0.0:
  version "2.0.0"
  resolved "https://registry.yarnpkg.com/dom-serializer/-/dom-serializer-2.0.0.tgz#e41b802e1eedf9f6cae183ce5e622d789d7d8e53"
  integrity sha512-wIkAryiqt/nV5EQKqQpo3SToSOV9J0DnbJqwK7Wv/Trc92zIAYZ4FlMu+JPFW1DfGFt81ZTCGgDEabffXeLyJg==
  dependencies:
    domelementtype "^2.3.0"
    domhandler "^5.0.2"
    entities "^4.2.0"

domelementtype@^2.3.0:
  version "2.3.0"
  resolved "https://registry.yarnpkg.com/domelementtype/-/domelementtype-2.3.0.tgz#5c45e8e869952626331d7aab326d01daf65d589d"
  integrity sha512-OLETBj6w0OsagBwdXnPdN0cnMfF9opN69co+7ZrbfPGrdpPVNBUj02spi6B1N7wChLQiPn4CSH/zJvXw56gmHw==

domhandler@^5.0.2, domhandler@^5.0.3:
  version "5.0.3"
  resolved "https://registry.yarnpkg.com/domhandler/-/domhandler-5.0.3.tgz#cc385f7f751f1d1fc650c21374804254538c7d31"
  integrity sha512-cgwlv/1iFQiFnU96XXgROh8xTeetsnJiDsTc7TYCLFd9+/WNkIqPTxiM/8pSd8VIrhXGTf1Ny1q1hquVqDJB5w==
  dependencies:
    domelementtype "^2.3.0"

domutils@^3.0.1:
  version "3.1.0"
  resolved "https://registry.yarnpkg.com/domutils/-/domutils-3.1.0.tgz#c47f551278d3dc4b0b1ab8cbb42d751a6f0d824e"
  integrity sha512-H78uMmQtI2AhgDJjWeQmHwJJ2bLPD3GMmO7Zja/ZZh84wkm+4ut+IUnUdRa8uCGX88DiVx1j6FRe1XfxEgjEZA==
  dependencies:
    dom-serializer "^2.0.0"
    domelementtype "^2.3.0"
    domhandler "^5.0.3"

entities@^4.2.0, entities@^4.4.0:
  version "4.5.0"
  resolved "https://registry.yarnpkg.com/entities/-/entities-4.5.0.tgz#5d268ea5e7113ec74c4d033b79ea5a35a488fb48"
  integrity sha512-V0hjH4dGPh9Ao5p0MoRY6BVqtwCjhz6vI5LT8AJ55H+4g9/4vbHx1I54fS0XuclLhDHArPQCiMjDxjaL8fPxhw==

eventemitter3@^4.0.4:
  version "4.0.7"
  resolved "https://registry.yarnpkg.com/eventemitter3/-/eventemitter3-4.0.7.tgz#2de9b68f6528d5644ef5c59526a1b4a07306169f"
  integrity sha512-8guHBZCwKnFhYdHr2ysuRWErTwhoN2X8XELRlrRwpmfeY2jjuUN4taQMsULKUVo1K4DvZl+0pgfyoysHxvmvEw==

expr-eval@^2.0.2:
  version "2.0.2"
  resolved "https://registry.yarnpkg.com/expr-eval/-/expr-eval-2.0.2.tgz#fa6f044a7b0c93fde830954eb9c5b0f7fbc7e201"
  integrity sha512-4EMSHGOPSwAfBiibw3ndnP0AvjDWLsMvGOvWEZ2F96IGk0bIVdjQisOHxReSkE13mHcfbuCiXw+G4y0zv6N8Eg==

fast-csv@^4.3.6:
  version "4.3.6"
  resolved "https://registry.yarnpkg.com/fast-csv/-/fast-csv-4.3.6.tgz#70349bdd8fe4d66b1130d8c91820b64a21bc4a63"
  integrity sha512-2RNSpuwwsJGP0frGsOmTb9oUF+VkFSM4SyLTDgwf2ciHWTarN0lQTC+F2f/t5J9QjW+c65VFIAAu85GsvMIusw==
  dependencies:
    "@fast-csv/format" "4.3.5"
    "@fast-csv/parse" "4.3.6"

flat@^5.0.2:
  version "5.0.2"
  resolved "https://registry.yarnpkg.com/flat/-/flat-5.0.2.tgz#8ca6fe332069ffa9d324c327198c598259ceb241"
  integrity sha512-b6suED+5/3rTpUBdG1gupIl8MPFCAMA0QXwmljLhvCUKcUvdE4gWky9zpuGCcXHOsz4J9wPGNWq6OKpmIzz3hQ==

follow-redirects@^1.14.8:
  version "1.15.2"
  resolved "https://registry.yarnpkg.com/follow-redirects/-/follow-redirects-1.15.2.tgz#b460864144ba63f2681096f274c4e57026da2c13"
  integrity sha512-VQLG33o04KaQ8uYi2tVNbdrWp1QWxNNea+nmIB4EVM28v0hmP17z7aG1+wAkNzVq4KeXTq3221ye5qTJP91JwA==

form-data@^4.0.0:
  version "4.0.0"
  resolved "https://registry.yarnpkg.com/form-data/-/form-data-4.0.0.tgz#93919daeaf361ee529584b9b31664dc12c9fa452"
  integrity sha512-ETEklSGi5t0QMZuiXoA/Q6vcnxcLQP5vdugSpuAyi6SVGi2clPPp+xgEhuMaHC+zGgn31Kd235W35f7Hykkaww==
  dependencies:
    asynckit "^0.4.0"
    combined-stream "^1.0.8"
    mime-types "^2.1.12"

htmlparser2@^8.0.1:
  version "8.0.2"
  resolved "https://registry.yarnpkg.com/htmlparser2/-/htmlparser2-8.0.2.tgz#f002151705b383e62433b5cf466f5b716edaec21"
  integrity sha512-GYdjWKDkbRLkZ5geuHs5NY1puJ+PXwP7+fHPRz06Eirsb9ugf6d8kkXav6ADhcODhFFPMIXyxkxSuMf3D6NCFA==
  dependencies:
    domelementtype "^2.3.0"
    domhandler "^5.0.3"
    domutils "^3.0.1"
    entities "^4.4.0"

is-any-array@^2.0.0:
  version "2.0.1"
  resolved "https://registry.yarnpkg.com/is-any-array/-/is-any-array-2.0.1.tgz#9233242a9c098220290aa2ec28f82ca7fa79899e"
  integrity sha512-UtilS7hLRu++wb/WBAw9bNuP1Eg04Ivn1vERJck8zJthEvXCBEBpGR/33u/xLKWEQf95803oalHrVDptcAvFdQ==

js-tiktoken@^1.0.7:
  version "1.0.7"
  resolved "https://registry.yarnpkg.com/js-tiktoken/-/js-tiktoken-1.0.7.tgz#56933fcd2093e8304060dfde3071bda91812e6f5"
  integrity sha512-biba8u/clw7iesNEWLOLwrNGoBP2lA+hTaBLs/D45pJdUPFXyxD6nhcDVtADChghv4GgyAiMKYMiRx7x6h7Biw==
  dependencies:
    base64-js "^1.5.1"

js-yaml@^4.1.0:
  version "4.1.0"
  resolved "https://registry.yarnpkg.com/js-yaml/-/js-yaml-4.1.0.tgz#c1fb65f8f5017901cdd2c951864ba18458a10602"
  integrity sha512-wpxZs9NoxZaJESJGIZTyDEaYpl0FKSA+FB9aJiyemKhMwkxQg63h4T1KJgUGHpTqPDNRcmmYLugrRjJlBtWvRA==
  dependencies:
    argparse "^2.0.1"

json2csv@^6.0.0-alpha.2:
  version "6.0.0-alpha.2"
  resolved "https://registry.yarnpkg.com/json2csv/-/json2csv-6.0.0-alpha.2.tgz#ef859e8883a5db1077d784e302a79003c13c212f"
  integrity sha512-nJ3oP6QxN8z69IT1HmrJdfVxhU1kLTBVgMfRnNZc37YEY+jZ4nU27rBGxT4vaqM/KUCavLRhntmTuBFqZLBUcA==
  dependencies:
    "@streamparser/json" "^0.0.6"
    commander "^6.2.0"
    lodash.get "^4.4.2"

jsonpointer@^5.0.1:
  version "5.0.1"
  resolved "https://registry.yarnpkg.com/jsonpointer/-/jsonpointer-5.0.1.tgz#2110e0af0900fd37467b5907ecd13a7884a1b559"
  integrity sha512-p/nXbhSEcu3pZRdkW1OfJhpsVtW1gd4Wa1fnQc9YLiTfAjn0312eMKimbdIQzuZl9aa9xUGaRlP9T/CJE/ditQ==

langchain@^0.0.103:
  version "0.0.103"
  resolved "https://registry.yarnpkg.com/langchain/-/langchain-0.0.103.tgz#5de7085f561f68bba1b7be447b0800bd838d4813"
  integrity sha512-vRkDSDPA76dpM23WrSeZr4F616E1EW08Ec+2HX15WFKoiUCd+fmkdfbjeJLXWYwFxKG5iy2jVE3d00nJ/8tqAw==
  dependencies:
    "@anthropic-ai/sdk" "^0.4.3"
    ansi-styles "^5.0.0"
    binary-extensions "^2.2.0"
    camelcase "6"
    decamelize "^1.2.0"
    expr-eval "^2.0.2"
    flat "^5.0.2"
    js-tiktoken "^1.0.7"
    js-yaml "^4.1.0"
    jsonpointer "^5.0.1"
    langchainplus-sdk "^0.0.19"
    ml-distance "^4.0.0"
    object-hash "^3.0.0"
    openai "^3.3.0"
    openapi-types "^12.1.3"
    p-queue "^6.6.2"
    p-retry "4"
    uuid "^9.0.0"
    yaml "^2.2.1"
    zod "^3.21.4"
    zod-to-json-schema "^3.20.4"

langchainplus-sdk@^0.0.19:
  version "0.0.19"
  resolved "https://registry.yarnpkg.com/langchainplus-sdk/-/langchainplus-sdk-0.0.19.tgz#356774670fbbe75dd17932c46492544959660aa2"
  integrity sha512-WKMN90E8M/JWO9lajbw8sv32xVHUZM+fN9I4LUveffBoX4qoJFi6uzYeDH0loW2SjnOSh3Tnzlz+Qp6ZenCu6g==
  dependencies:
    "@types/uuid" "^9.0.1"
    commander "^10.0.1"
    p-queue "^6.6.2"
    p-retry "4"
    uuid "^9.0.0"

lodash.escaperegexp@^4.1.2:
  version "4.1.2"
  resolved "https://registry.yarnpkg.com/lodash.escaperegexp/-/lodash.escaperegexp-4.1.2.tgz#64762c48618082518ac3df4ccf5d5886dae20347"
  integrity sha512-TM9YBvyC84ZxE3rgfefxUWiQKLilstD6k7PTGt6wfbtXF8ixIJLOL3VYyV/z+ZiPLsVxAsKAFVwWlWeb2Y8Yyw==

lodash.get@^4.4.2:
  version "4.4.2"
  resolved "https://registry.yarnpkg.com/lodash.get/-/lodash.get-4.4.2.tgz#2d177f652fa31e939b4438d5341499dfa3825e99"
  integrity sha512-z+Uw/vLuy6gQe8cfaFWD7p0wVv8fJl3mbzXh33RS+0oW2wvUqiRXiQ69gLWSLpgB5/6sU+r6BlQR0MBILadqTQ==

lodash.groupby@^4.6.0:
  version "4.6.0"
  resolved "https://registry.yarnpkg.com/lodash.groupby/-/lodash.groupby-4.6.0.tgz#0b08a1dcf68397c397855c3239783832df7403d1"
  integrity sha512-5dcWxm23+VAoz+awKmBaiBvzox8+RqMgFhi7UvX9DHZr2HdxHXM/Wrf8cfKpsW37RNrvtPn6hSwNqurSILbmJw==

lodash.isboolean@^3.0.3:
  version "3.0.3"
  resolved "https://registry.yarnpkg.com/lodash.isboolean/-/lodash.isboolean-3.0.3.tgz#6c2e171db2a257cd96802fd43b01b20d5f5870f6"
  integrity sha512-Bz5mupy2SVbPHURB98VAcw+aHh4vRV5IPNhILUCsOzRmsTmSQ17jIuqopAentWoehktxGd9e/hbIXq980/1QJg==

lodash.isequal@^4.5.0:
  version "4.5.0"
  resolved "https://registry.yarnpkg.com/lodash.isequal/-/lodash.isequal-4.5.0.tgz#415c4478f2bcc30120c22ce10ed3226f7d3e18e0"
  integrity sha512-pDo3lu8Jhfjqls6GkMgpahsF9kCyayhgykjyLMNFTKWrpVdAQtYyB4muAMWozBB4ig/dtWAmsMxLEI8wuz+DYQ==

lodash.isfunction@^3.0.9:
  version "3.0.9"
  resolved "https://registry.yarnpkg.com/lodash.isfunction/-/lodash.isfunction-3.0.9.tgz#06de25df4db327ac931981d1bdb067e5af68d051"
  integrity sha512-AirXNj15uRIMMPihnkInB4i3NHeb4iBtNg9WRWuK2o31S+ePwwNmDPaTL3o7dTJ+VXNZim7rFs4rxN4YU1oUJw==

lodash.isnil@^4.0.0:
  version "4.0.0"
  resolved "https://registry.yarnpkg.com/lodash.isnil/-/lodash.isnil-4.0.0.tgz#49e28cd559013458c814c5479d3c663a21bfaa6c"
  integrity sha512-up2Mzq3545mwVnMhTDMdfoG1OurpA/s5t88JmQX809eH3C8491iu2sfKhTfhQtKY78oPNhiaHJUpT/dUDAAtng==

lodash.isundefined@^3.0.1:
  version "3.0.1"
  resolved "https://registry.yarnpkg.com/lodash.isundefined/-/lodash.isundefined-3.0.1.tgz#23ef3d9535565203a66cefd5b830f848911afb48"
  integrity sha512-MXB1is3s899/cD8jheYYE2V9qTHwKvt+npCwpD+1Sxm3Q3cECXCiYHjeHWXNwr6Q0SOBPrYUDxendrO6goVTEA==

lodash.uniq@^4.5.0:
  version "4.5.0"
  resolved "https://registry.yarnpkg.com/lodash.uniq/-/lodash.uniq-4.5.0.tgz#d0225373aeb652adc1bc82e4945339a842754773"
  integrity sha512-xfBaXQd9ryd9dlSDvnvI0lvxfLJlYAZzXomUYzLKtUeOQvOP5piqAWuGtrhWeqaXK9hhoM/iyJc5AV+XfsX3HQ==

mime-db@1.52.0:
  version "1.52.0"
  resolved "https://registry.yarnpkg.com/mime-db/-/mime-db-1.52.0.tgz#bbabcdc02859f4987301c856e3387ce5ec43bf70"
  integrity sha512-sPU4uV7dYlvtWJxwwxHD0PuihVNiE7TyAbQ5SWxDCB9mUYvOgroQOwYQQOKPJ8CIbE+1ETVlOoK1UC2nU3gYvg==

mime-types@^2.1.12:
  version "2.1.35"
  resolved "https://registry.yarnpkg.com/mime-types/-/mime-types-2.1.35.tgz#381a871b62a734450660ae3deee44813f70d959a"
  integrity sha512-ZDY+bPm5zTTF+YpCrAU9nK0UgICYPT0QtT1NZWFv4s++TNkcgVaT0g6+4R2uI4MjQjzysHB1zxuWL50hzaeXiw==
  dependencies:
    mime-db "1.52.0"

ml-array-mean@^1.1.6:
  version "1.1.6"
  resolved "https://registry.yarnpkg.com/ml-array-mean/-/ml-array-mean-1.1.6.tgz#d951a700dc8e3a17b3e0a583c2c64abd0c619c56"
  integrity sha512-MIdf7Zc8HznwIisyiJGRH9tRigg3Yf4FldW8DxKxpCCv/g5CafTw0RRu51nojVEOXuCQC7DRVVu5c7XXO/5joQ==
  dependencies:
    ml-array-sum "^1.1.6"

ml-array-sum@^1.1.6:
  version "1.1.6"
  resolved "https://registry.yarnpkg.com/ml-array-sum/-/ml-array-sum-1.1.6.tgz#d1d89c20793cd29c37b09d40e85681aa4515a955"
  integrity sha512-29mAh2GwH7ZmiRnup4UyibQZB9+ZLyMShvt4cH4eTK+cL2oEMIZFnSyB3SS8MlsTh6q/w/yh48KmqLxmovN4Dw==
  dependencies:
    is-any-array "^2.0.0"

ml-distance-euclidean@^2.0.0:
  version "2.0.0"
  resolved "https://registry.yarnpkg.com/ml-distance-euclidean/-/ml-distance-euclidean-2.0.0.tgz#3a668d236649d1b8fec96380b9435c6f42c9a817"
  integrity sha512-yC9/2o8QF0A3m/0IXqCTXCzz2pNEzvmcE/9HFKOZGnTjatvBbsn4lWYJkxENkA4Ug2fnYl7PXQxnPi21sgMy/Q==

ml-distance@^4.0.0:
  version "4.0.1"
  resolved "https://registry.yarnpkg.com/ml-distance/-/ml-distance-4.0.1.tgz#4741d17a1735888c5388823762271dfe604bd019"
  integrity sha512-feZ5ziXs01zhyFUUUeZV5hwc0f5JW0Sh0ckU1koZe/wdVkJdGxcP06KNQuF0WBTj8FttQUzcvQcpcrOp/XrlEw==
  dependencies:
    ml-array-mean "^1.1.6"
    ml-distance-euclidean "^2.0.0"
    ml-tree-similarity "^1.0.0"

ml-tree-similarity@^1.0.0:
  version "1.0.0"
  resolved "https://registry.yarnpkg.com/ml-tree-similarity/-/ml-tree-similarity-1.0.0.tgz#24705a107e32829e24d945e87219e892159c53f0"
  integrity sha512-XJUyYqjSuUQkNQHMscr6tcjldsOoAekxADTplt40QKfwW6nd++1wHWV9AArl0Zvw/TIHgNaZZNvr8QGvE8wLRg==
  dependencies:
    binary-search "^1.3.5"
    num-sort "^2.0.0"

node-fetch@^2.6.12:
  version "2.6.12"
  resolved "https://registry.yarnpkg.com/node-fetch/-/node-fetch-2.6.12.tgz#02eb8e22074018e3d5a83016649d04df0e348fba"
  integrity sha512-C/fGU2E8ToujUivIO0H+tpQ6HWo4eEmchoPIoXtxCrVghxdKq+QOHqEZW7tuP3KlV3bC8FRMO5nMCC7Zm1VP6g==
  dependencies:
    whatwg-url "^5.0.0"

nth-check@^2.0.1:
  version "2.1.1"
  resolved "https://registry.yarnpkg.com/nth-check/-/nth-check-2.1.1.tgz#c9eab428effce36cd6b92c924bdb000ef1f1ed1d"
  integrity sha512-lqjrjmaOoAnWfMmBPL+XNnynZh2+swxiX3WUE0s4yEHI6m+AwrK2UZOimIRl3X/4QctVqS8AiZjFqyOGrMXb/w==
  dependencies:
    boolbase "^1.0.0"

num-sort@^2.0.0:
  version "2.1.0"
  resolved "https://registry.yarnpkg.com/num-sort/-/num-sort-2.1.0.tgz#1cbb37aed071329fdf41151258bc011898577a9b"
  integrity sha512-1MQz1Ed8z2yckoBeSfkQHHO9K1yDRxxtotKSJ9yvcTUUxSvfvzEq5GwBrjjHEpMlq/k5gvXdmJ1SbYxWtpNoVg==

object-hash@^3.0.0:
  version "3.0.0"
  resolved "https://registry.yarnpkg.com/object-hash/-/object-hash-3.0.0.tgz#73f97f753e7baffc0e2cc9d6e079079744ac82e9"
  integrity sha512-RSn9F68PjH9HqtltsSnqYC1XXoWe9Bju5+213R98cNGttag9q9yAOTzdbsqvIa7aNm5WffBZFpWYr2aWrklWAw==

openai-edge@^1.1.1:
  version "1.1.1"
  resolved "https://registry.yarnpkg.com/openai-edge/-/openai-edge-1.1.1.tgz#0e5b25472a5528959d11cedce67ea9b37faf640e"
  integrity sha512-dVbGYFU4kzHeqzUYlJQuLgahB5BvGCjuyVQMiet3WLTq5AIueyS572wLLSn764wKdjWbl8xurFL9cjmwlpAO5w==

openai@^3.3.0:
  version "3.3.0"
  resolved "https://registry.yarnpkg.com/openai/-/openai-3.3.0.tgz#a6408016ad0945738e1febf43f2fccca83a3f532"
  integrity sha512-uqxI/Au+aPRnsaQRe8CojU0eCR7I0mBiKjD3sNMzY6DaC1ZVrc85u98mtJW6voDug8fgGN+DIZmTDxTthxb7dQ==
  dependencies:
    axios "^0.26.0"
    form-data "^4.0.0"

openapi-types@^12.1.3:
  version "12.1.3"
  resolved "https://registry.yarnpkg.com/openapi-types/-/openapi-types-12.1.3.tgz#471995eb26c4b97b7bd356aacf7b91b73e777dd3"
  integrity sha512-N4YtSYJqghVu4iek2ZUvcN/0aqH1kRDuNqzcycDxhOUpg7GdvLa2F3DgS6yBNhInhv2r/6I0Flkn7CqL8+nIcw==

p-finally@^1.0.0:
  version "1.0.0"
  resolved "https://registry.yarnpkg.com/p-finally/-/p-finally-1.0.0.tgz#3fbcfb15b899a44123b34b6dcc18b724336a2cae"
  integrity sha512-LICb2p9CB7FS+0eR1oqWnHhp0FljGLZCWBE9aix0Uye9W8LTQPwMTYVGWQWIw9RdQiDg4+epXQODwIYJtSJaow==

p-queue@^6.6.2:
  version "6.6.2"
  resolved "https://registry.yarnpkg.com/p-queue/-/p-queue-6.6.2.tgz#2068a9dcf8e67dd0ec3e7a2bcb76810faa85e426"
  integrity sha512-RwFpb72c/BhQLEXIZ5K2e+AhgNVmIejGlTgiB9MzZ0e93GRvqZ7uSi0dvRF7/XIXDeNkra2fNHBxTyPDGySpjQ==
  dependencies:
    eventemitter3 "^4.0.4"
    p-timeout "^3.2.0"

p-retry@4:
  version "4.6.2"
  resolved "https://registry.yarnpkg.com/p-retry/-/p-retry-4.6.2.tgz#9baae7184057edd4e17231cee04264106e092a16"
  integrity sha512-312Id396EbJdvRONlngUx0NydfrIQ5lsYu0znKVUzVvArzEIt08V1qhtyESbGVd1FGX7UKtiFp5uwKZdM8wIuQ==
  dependencies:
    "@types/retry" "0.12.0"
    retry "^0.13.1"

p-timeout@^3.2.0:
  version "3.2.0"
  resolved "https://registry.yarnpkg.com/p-timeout/-/p-timeout-3.2.0.tgz#c7e17abc971d2a7962ef83626b35d635acf23dfe"
  integrity sha512-rhIwUycgwwKcP9yTOOFK/AKsAopjjCakVqLHePO3CC6Mir1Z99xT+R63jZxAT5lFZLa2inS5h+ZS2GvR99/FBg==
  dependencies:
    p-finally "^1.0.0"

parse5-htmlparser2-tree-adapter@^7.0.0:
  version "7.0.0"
  resolved "https://registry.yarnpkg.com/parse5-htmlparser2-tree-adapter/-/parse5-htmlparser2-tree-adapter-7.0.0.tgz#23c2cc233bcf09bb7beba8b8a69d46b08c62c2f1"
  integrity sha512-B77tOZrqqfUfnVcOrUvfdLbz4pu4RopLD/4vmu3HUPswwTA8OH0EMW9BlWR2B0RCoiZRAHEUu7IxeP1Pd1UU+g==
  dependencies:
    domhandler "^5.0.2"
    parse5 "^7.0.0"

parse5@^7.0.0:
  version "7.1.2"
  resolved "https://registry.yarnpkg.com/parse5/-/parse5-7.1.2.tgz#0736bebbfd77793823240a23b7fc5e010b7f8e32"
  integrity sha512-Czj1WaSVpaoj0wbhMzLmWD69anp2WH7FXMB9n1Sy8/ZFF9jolSQVMu1Ij5WIyGmcBmhk7EOndpO4mIpihVqAXw==
  dependencies:
    entities "^4.4.0"

retry@^0.13.1:
  version "0.13.1"
  resolved "https://registry.yarnpkg.com/retry/-/retry-0.13.1.tgz#185b1587acf67919d63b357349e03537b2484658"
  integrity sha512-XQBQ3I8W1Cge0Seh+6gjj03LbmRFWuoszgK9ooCpwYIrhhoO80pfq4cUkU5DkknwfOfFteRwlZ56PYOGYyFWdg==

tr46@~0.0.3:
  version "0.0.3"
  resolved "https://registry.yarnpkg.com/tr46/-/tr46-0.0.3.tgz#8184fd347dac9cdc185992f3a6622e14b9d9ab6a"
  integrity sha512-N3WMsuqV66lT30CrXNbEjx4GEwlow3v6rr4mCcv6prnfwhS01rkgyFdjPNBYd9br7LpXV1+Emh01fHnq2Gdgrw==

uuid@^9.0.0:
  version "9.0.0"
  resolved "https://registry.yarnpkg.com/uuid/-/uuid-9.0.0.tgz#592f550650024a38ceb0c562f2f6aa435761efb5"
  integrity sha512-MXcSTerfPa4uqyzStbRoTgt5XIe3x5+42+q1sDuy3R5MDk66URdLMOZe5aPX/SQd+kuYAh0FdP/pO28IkQyTeg==

webidl-conversions@^3.0.0:
  version "3.0.1"
  resolved "https://registry.yarnpkg.com/webidl-conversions/-/webidl-conversions-3.0.1.tgz#24534275e2a7bc6be7bc86611cc16ae0a5654871"
  integrity sha512-2JAn3z8AR6rjK8Sm8orRC0h/bcl/DqL7tRPdGZ4I1CjdF+EaMLmYxBHyXuKL849eucPFhvBoxMsflfOb8kxaeQ==

whatwg-url@^5.0.0:
  version "5.0.0"
  resolved "https://registry.yarnpkg.com/whatwg-url/-/whatwg-url-5.0.0.tgz#966454e8765462e37644d3626f6742ce8b70965d"
  integrity sha512-saE57nupxk6v3HY35+jzBwYa0rKSy0XR8JSxZPwgLr7ys0IBzhGviA1/TUGJLmSVqs8pb9AnvICXEuOHLprYTw==
  dependencies:
    tr46 "~0.0.3"
    webidl-conversions "^3.0.0"

yaml@^2.2.1:
  version "2.3.1"
  resolved "https://registry.yarnpkg.com/yaml/-/yaml-2.3.1.tgz#02fe0975d23cd441242aa7204e09fc28ac2ac33b"
  integrity sha512-2eHWfjaoXgTBC2jNM1LRef62VQa0umtvRiDSk6HSzW7RvS5YtkabJrwYLLEKWBc8a5U2PTSCs+dJjUTJdlHsWQ==

zod-to-json-schema@^3.20.4:
  version "3.21.3"
  resolved "https://registry.yarnpkg.com/zod-to-json-schema/-/zod-to-json-schema-3.21.3.tgz#2ce40860570217979ad5c9734e2e2df717784859"
  integrity sha512-09W/9oyxeF1/wWnzCb6MursW+lOzgKi91QwE7eTBbC+t/qgfuLsUVDai3lHemSQnQu/UONAcT/fv3ZnDvbTeKg==

zod@^3.21.4:
  version "3.21.4"
  resolved "https://registry.yarnpkg.com/zod/-/zod-3.21.4.tgz#10882231d992519f0a10b5dd58a38c9dabbb64db"
  integrity sha512-m46AKbrzKVzOzs/DZgVnG5H55N1sv1M8qZU3A8RIKbs3mrACDNeIOeilDymVb2HdmP8uwshOCF4uJ8uM9rCqJw==
